
Microsoft Visual Studio Solution File, Format Version 12.00
# Visual Studio Version 17
VisualStudioVersion = 17.0.31903.59
MinimumVisualStudioVersion = 10.0.40219.1
Project("{9A19103F-16F7-4668-BE54-9A1E7A4F7556}") = "circuitbreaker.library", "circuitbreaker.library\circuitbreaker.library.csproj", "{B8DACFFA-5BA1-456C-8140-7E7DC4C4E25F}"
EndProject
Project("{9A19103F-16F7-4668-BE54-9A1E7A4F7556}") = "circuitbreaker.library.tests", "circuitbreaker.library.tests\circuitbreaker.library.tests.csproj", "{4902E8DD-2948-4DF6-B6B9-2C606A511AAB}"
EndProject
Project("{9A19103F-16F7-4668-BE54-9A1E7A4F7556}") = "circuitbreaker.example", "circuitbreaker.example\circuitbreaker.example.csproj", "{10042D85-D539-4A95-951A-40801B0F2206}"
EndProject
Global
	GlobalSection(SolutionConfigurationPlatforms) = preSolution
		Debug|Any CPU = Debug|Any CPU
		Release|Any CPU = Release|Any CPU
	EndGlobalSection
	GlobalSection(ProjectConfigurationPlatforms) = postSolution
		{B8DACFFA-5BA1-456C-8140-7E7DC4C4E25F}.Debug|Any CPU.ActiveCfg = Debug|Any CPU
		{B8DACFFA-5BA1-456C-8140-7E7DC4C4E25F}.Debug|Any CPU.Build.0 = Debug|Any CPU
		{B8DACFFA-5BA1-456C-8140-7E7DC4C4E25F}.Release|Any CPU.ActiveCfg = Release|Any CPU
		{B8DACFFA-5BA1-456C-8140-7E7DC4C4E25F}.Release|Any CPU.Build.0 = Release|Any CPU
		{4902E8DD-2948-4DF6-B6B9-2C606A511AAB}.Debug|Any CPU.ActiveCfg = Debug|Any CPU
		{4902E8DD-2948-4DF6-B6B9-2C606A511AAB}.Debug|Any CPU.Build.0 = Debug|Any CPU
		{4902E8DD-2948-4DF6-B6B9-2C606A511AAB}.Release|Any CPU.ActiveCfg = Release|Any CPU
		{4902E8DD-2948-4DF6-B6B9-2C606A511AAB}.Release|Any CPU.Build.0 = Release|Any CPU
		{10042D85-D539-4A95-951A-40801B0F2206}.Debug|Any CPU.ActiveCfg = Debug|Any CPU
		{10042D85-D539-4A95-951A-40801B0F2206}.Debug|Any CPU.Build.0 = Debug|Any CPU
		{10042D85-D539-4A95-951A-40801B0F2206}.Release|Any CPU.ActiveCfg = Release|Any CPU
		{10042D85-D539-4A95-951A-40801B0F2206}.Release|Any CPU.Build.0 = Release|Any CPU
	EndGlobalSection
	GlobalSection(SolutionProperties) = preSolution
		HideSolutionNode = FALSE
	EndGlobalSection
	GlobalSection(ExtensibilityGlobals) = postSolution
		SolutionGuid = {73CDB7B4-993A-4733-9969-317D38A4E4E6}
	EndGlobalSection
EndGlobal
